
Microsoft Visual Studio Solution File, Format Version 12.00
# Visual Studio Version 16
VisualStudioVersion = 16.0.29215.179
MinimumVisualStudioVersion = 10.0.40219.1
Project("{FAE04EC0-301F-11D3-BF4B-00C04F79EFBC}") = "NuclearReactor", "NuclearReactor\NuclearReactor.csproj", "{9F895489-E211-4C96-9AF0-9B1E9ED641F5}"
EndProject
Global
	GlobalSection(SolutionConfigurationPlatforms) = preSolution
		Debug|Any CPU = Debug|Any CPU
		Release|Any CPU = Release|Any CPU
	EndGlobalSection
	GlobalSection(ProjectConfigurationPlatforms) = postSolution
		{9F895489-E211-4C96-9AF0-9B1E9ED641F5}.Debug|Any CPU.ActiveCfg = Debug|Any CPU
		{9F895489-E211-4C96-9AF0-9B1E9ED641F5}.Debug|Any CPU.Build.0 = Debug|Any CPU
		{9F895489-E211-4C96-9AF0-9B1E9ED641F5}.Release|Any CPU.ActiveCfg = Release|Any CPU
		{9F895489-E211-4C96-9AF0-9B1E9ED641F5}.Release|Any CPU.Build.0 = Release|Any CPU
	EndGlobalSection
	GlobalSection(SolutionProperties) = preSolution
		HideSolutionNode = FALSE
	EndGlobalSection
	GlobalSection(ExtensibilityGlobals) = postSolution
		SolutionGuid = {3D898D50-93E5-4714-B858-FF4D127B5C35}
	EndGlobalSection
EndGlobal
